
Microsoft Visual Studio Solution File, Format Version 12.00
# Visual Studio Version 17
VisualStudioVersion = 17.5.33530.505
MinimumVisualStudioVersion = 10.0.40219.1
Project("{FAE04EC0-301F-11D3-BF4B-00C04F79EFBC}") = "AirWrk.API", "AirWrk.API\AirWrk.API.csproj", "{4C5F7EA8-D501-4031-B052-32B01FF66190}"
EndProject
Global
	GlobalSection(SolutionConfigurationPlatforms) = preSolution
		Debug|Any CPU = Debug|Any CPU
		Release|Any CPU = Release|Any CPU
	EndGlobalSection
	GlobalSection(ProjectConfigurationPlatforms) = postSolution
		{4C5F7EA8-D501-4031-B052-32B01FF66190}.Debug|Any CPU.ActiveCfg = Debug|Any CPU
		{4C5F7EA8-D501-4031-B052-32B01FF66190}.Debug|Any CPU.Build.0 = Debug|Any CPU
		{4C5F7EA8-D501-4031-B052-32B01FF66190}.Release|Any CPU.ActiveCfg = Release|Any CPU
		{4C5F7EA8-D501-4031-B052-32B01FF66190}.Release|Any CPU.Build.0 = Release|Any CPU
	EndGlobalSection
	GlobalSection(SolutionProperties) = preSolution
		HideSolutionNode = FALSE
	EndGlobalSection
	GlobalSection(ExtensibilityGlobals) = postSolution
		SolutionGuid = {37E12A28-F658-4F14-9315-782E0734DD33}
	EndGlobalSection
EndGlobal
